
Microsoft Visual Studio Solution File, Format Version 12.00
# Visual Studio Version 17
VisualStudioVersion = 17.13.35825.156
MinimumVisualStudioVersion = 10.0.40219.1
Project("{FAE04EC0-301F-11D3-BF4B-00C04F79EFBC}") = "ServerManagementService", "ServerManagementService\ServerManagementService.csproj", "{69E3003C-1165-49E8-B23F-1D587A804A45}"
EndProject
Project("{FAE04EC0-301F-11D3-BF4B-00C04F79EFBC}") = "Common.Core", "Common.Core\Common.Core.csproj", "{AD4BB9E6-9AF2-413F-B70D-17B88CFB9738}"
EndProject
Project("{FAE04EC0-301F-11D3-BF4B-00C04F79EFBC}") = "ProductManagementService", "ProductManagementService\ProductManagementService.csproj", "{2E835FBC-186F-426F-BA7B-76FF8B142897}"
EndProject
Project("{FAE04EC0-301F-11D3-BF4B-00C04F79EFBC}") = "ApiGateway", "ApiGateway\ApiGateway.csproj", "{43B2CC8F-1BDB-4268-9325-A111CC5C9A8E}"
EndProject
Global
	GlobalSection(SolutionConfigurationPlatforms) = preSolution
		Debug|Any CPU = Debug|Any CPU
		Release|Any CPU = Release|Any CPU
	EndGlobalSection
	GlobalSection(ProjectConfigurationPlatforms) = postSolution
		{69E3003C-1165-49E8-B23F-1D587A804A45}.Debug|Any CPU.ActiveCfg = Debug|Any CPU
		{69E3003C-1165-49E8-B23F-1D587A804A45}.Debug|Any CPU.Build.0 = Debug|Any CPU
		{69E3003C-1165-49E8-B23F-1D587A804A45}.Release|Any CPU.ActiveCfg = Release|Any CPU
		{69E3003C-1165-49E8-B23F-1D587A804A45}.Release|Any CPU.Build.0 = Release|Any CPU
		{AD4BB9E6-9AF2-413F-B70D-17B88CFB9738}.Debug|Any CPU.ActiveCfg = Debug|Any CPU
		{AD4BB9E6-9AF2-413F-B70D-17B88CFB9738}.Debug|Any CPU.Build.0 = Debug|Any CPU
		{AD4BB9E6-9AF2-413F-B70D-17B88CFB9738}.Release|Any CPU.ActiveCfg = Release|Any CPU
		{AD4BB9E6-9AF2-413F-B70D-17B88CFB9738}.Release|Any CPU.Build.0 = Release|Any CPU
		{2E835FBC-186F-426F-BA7B-76FF8B142897}.Debug|Any CPU.ActiveCfg = Debug|Any CPU
		{2E835FBC-186F-426F-BA7B-76FF8B142897}.Debug|Any CPU.Build.0 = Debug|Any CPU
		{2E835FBC-186F-426F-BA7B-76FF8B142897}.Release|Any CPU.ActiveCfg = Release|Any CPU
		{2E835FBC-186F-426F-BA7B-76FF8B142897}.Release|Any CPU.Build.0 = Release|Any CPU
		{43B2CC8F-1BDB-4268-9325-A111CC5C9A8E}.Debug|Any CPU.ActiveCfg = Debug|Any CPU
		{43B2CC8F-1BDB-4268-9325-A111CC5C9A8E}.Debug|Any CPU.Build.0 = Debug|Any CPU
		{43B2CC8F-1BDB-4268-9325-A111CC5C9A8E}.Release|Any CPU.ActiveCfg = Release|Any CPU
		{43B2CC8F-1BDB-4268-9325-A111CC5C9A8E}.Release|Any CPU.Build.0 = Release|Any CPU
	EndGlobalSection
	GlobalSection(SolutionProperties) = preSolution
		HideSolutionNode = FALSE
	EndGlobalSection
	GlobalSection(ExtensibilityGlobals) = postSolution
		SolutionGuid = {E0C1737E-97E1-42BA-B983-4545E1F9F6CF}
	EndGlobalSection
EndGlobal
